
Microsoft Visual Studio Solution File, Format Version 12.00
# Visual Studio Version 17
VisualStudioVersion = 17.9.34902.65
MinimumVisualStudioVersion = 10.0.40219.1
Project("{8BC9CEB8-8B4A-11D0-8D11-00A0C91BC942}") = "CRAAB", "CRAAB\CRAAB.vcxproj", "{FCDEB02B-9CAF-4687-B32B-8B963F896FDB}"
EndProject
Global
	GlobalSection(SolutionConfigurationPlatforms) = preSolution
		Debug|x64 = Debug|x64
		Debug|x86 = Debug|x86
		Release|x64 = Release|x64
		Release|x86 = Release|x86
	EndGlobalSection
	GlobalSection(ProjectConfigurationPlatforms) = postSolution
		{FCDEB02B-9CAF-4687-B32B-8B963F896FDB}.Debug|x64.ActiveCfg = Debug|x64
		{FCDEB02B-9CAF-4687-B32B-8B963F896FDB}.Debug|x64.Build.0 = Debug|x64
		{FCDEB02B-9CAF-4687-B32B-8B963F896FDB}.Debug|x86.ActiveCfg = Debug|Win32
		{FCDEB02B-9CAF-4687-B32B-8B963F896FDB}.Debug|x86.Build.0 = Debug|Win32
		{FCDEB02B-9CAF-4687-B32B-8B963F896FDB}.Release|x64.ActiveCfg = Release|x64
		{FCDEB02B-9CAF-4687-B32B-8B963F896FDB}.Release|x64.Build.0 = Release|x64
		{FCDEB02B-9CAF-4687-B32B-8B963F896FDB}.Release|x86.ActiveCfg = Release|Win32
		{FCDEB02B-9CAF-4687-B32B-8B963F896FDB}.Release|x86.Build.0 = Release|Win32
	EndGlobalSection
	GlobalSection(SolutionProperties) = preSolution
		HideSolutionNode = FALSE
	EndGlobalSection
	GlobalSection(ExtensibilityGlobals) = postSolution
		SolutionGuid = {27FB78A2-0D59-46DC-8F85-6799DE57A3F2}
	EndGlobalSection
EndGlobal
